
Microsoft Visual Studio Solution File, Format Version 12.00
Project("{FAE04EC0-301F-11D3-BF4B-00C04F79EFBC}") = "TeachersTimetable", "TeachersTimetable\TeachersTimetable.csproj", "{A07EB433-528B-4C96-BE34-E18D30A658EC}"
EndProject
Global
	GlobalSection(SolutionConfigurationPlatforms) = preSolution
		Debug|Any CPU = Debug|Any CPU
		Release|Any CPU = Release|Any CPU
	EndGlobalSection
	GlobalSection(ProjectConfigurationPlatforms) = postSolution
		{A07EB433-528B-4C96-BE34-E18D30A658EC}.Debug|Any CPU.ActiveCfg = Debug|Any CPU
		{A07EB433-528B-4C96-BE34-E18D30A658EC}.Debug|Any CPU.Build.0 = Debug|Any CPU
		{A07EB433-528B-4C96-BE34-E18D30A658EC}.Release|Any CPU.ActiveCfg = Release|Any CPU
		{A07EB433-528B-4C96-BE34-E18D30A658EC}.Release|Any CPU.Build.0 = Release|Any CPU
	EndGlobalSection
EndGlobal
